Microsoft Visual Studio Solution File, Format Version 12.00
# Visual Studio 15
VisualStudioVersion = 15.0.26124.0
MinimumVisualStudioVersion = 15.0.26124.0
Project("{9A19103F-16F7-4668-BE54-9A1E7A4F7556}") = "DecreaseCommute.Testing.Data", "DecreaseCommute.Testing.Data\DecreaseCommute.Testing.Data.csproj", "{0A0EDE40-3D46-4FC5-8837-EA05CC642969}"
EndProject
Project("{9A19103F-16F7-4668-BE54-9A1E7A4F7556}") = "DecreaseCommute.Testing.MvcClient", "DecreaseCommute.Testing.MvcClient\DecreaseCommute.Testing.MvcClient.csproj", "{87CC2069-5C2F-4024-B967-21E5A93BE874}"
EndProject
Project("{9A19103F-16F7-4668-BE54-9A1E7A4F7556}") = "DecreaseCommute.Testing.Service", "DecreaseCommute.Testing.Service\DecreaseCommute.Testing.Service.csproj", "{8A432AEA-9500-45C9-B2D5-C366D83B3566}"
EndProject
Project("{9A19103F-16F7-4668-BE54-9A1E7A4F7556}") = "DecreaseCommute.Testing.Library", "DecreaseCommute.Testing.Library\DecreaseCommute.Testing.Library.csproj", "{B81045F7-5235-4A78-AD96-8FBAD27FC93A}"
EndProject
Global
	GlobalSection(SolutionConfigurationPlatforms) = preSolution
		Debug|Any CPU = Debug|Any CPU
		Debug|x64 = Debug|x64
		Debug|x86 = Debug|x86
		Release|Any CPU = Release|Any CPU
		Release|x64 = Release|x64
		Release|x86 = Release|x86
	EndGlobalSection
	GlobalSection(ProjectConfigurationPlatforms) = postSolution
		{0A0EDE40-3D46-4FC5-8837-EA05CC642969}.Debug|Any CPU.ActiveCfg = Debug|Any CPU
		{0A0EDE40-3D46-4FC5-8837-EA05CC642969}.Debug|Any CPU.Build.0 = Debug|Any CPU
		{0A0EDE40-3D46-4FC5-8837-EA05CC642969}.Debug|x64.ActiveCfg = Debug|Any CPU
		{0A0EDE40-3D46-4FC5-8837-EA05CC642969}.Debug|x64.Build.0 = Debug|Any CPU
		{0A0EDE40-3D46-4FC5-8837-EA05CC642969}.Debug|x86.ActiveCfg = Debug|Any CPU
		{0A0EDE40-3D46-4FC5-8837-EA05CC642969}.Debug|x86.Build.0 = Debug|Any CPU
		{0A0EDE40-3D46-4FC5-8837-EA05CC642969}.Release|Any CPU.ActiveCfg = Release|Any CPU
		{0A0EDE40-3D46-4FC5-8837-EA05CC642969}.Release|Any CPU.Build.0 = Release|Any CPU
		{0A0EDE40-3D46-4FC5-8837-EA05CC642969}.Release|x64.ActiveCfg = Release|Any CPU
		{0A0EDE40-3D46-4FC5-8837-EA05CC642969}.Release|x64.Build.0 = Release|Any CPU
		{0A0EDE40-3D46-4FC5-8837-EA05CC642969}.Release|x86.ActiveCfg = Release|Any CPU
		{0A0EDE40-3D46-4FC5-8837-EA05CC642969}.Release|x86.Build.0 = Release|Any CPU
		{87CC2069-5C2F-4024-B967-21E5A93BE874}.Debug|Any CPU.ActiveCfg = Debug|Any CPU
		{87CC2069-5C2F-4024-B967-21E5A93BE874}.Debug|Any CPU.Build.0 = Debug|Any CPU
		{87CC2069-5C2F-4024-B967-21E5A93BE874}.Debug|x64.ActiveCfg = Debug|Any CPU
		{87CC2069-5C2F-4024-B967-21E5A93BE874}.Debug|x64.Build.0 = Debug|Any CPU
		{87CC2069-5C2F-4024-B967-21E5A93BE874}.Debug|x86.ActiveCfg = Debug|Any CPU
		{87CC2069-5C2F-4024-B967-21E5A93BE874}.Debug|x86.Build.0 = Debug|Any CPU
		{87CC2069-5C2F-4024-B967-21E5A93BE874}.Release|Any CPU.ActiveCfg = Release|Any CPU
		{87CC2069-5C2F-4024-B967-21E5A93BE874}.Release|Any CPU.Build.0 = Release|Any CPU
		{87CC2069-5C2F-4024-B967-21E5A93BE874}.Release|x64.ActiveCfg = Release|Any CPU
		{87CC2069-5C2F-4024-B967-21E5A93BE874}.Release|x64.Build.0 = Release|Any CPU
		{87CC2069-5C2F-4024-B967-21E5A93BE874}.Release|x86.ActiveCfg = Release|Any CPU
		{87CC2069-5C2F-4024-B967-21E5A93BE874}.Release|x86.Build.0 = Release|Any CPU
		{8A432AEA-9500-45C9-B2D5-C366D83B3566}.Debug|Any CPU.ActiveCfg = Debug|Any CPU
		{8A432AEA-9500-45C9-B2D5-C366D83B3566}.Debug|Any CPU.Build.0 = Debug|Any CPU
		{8A432AEA-9500-45C9-B2D5-C366D83B3566}.Debug|x64.ActiveCfg = Debug|Any CPU
		{8A432AEA-9500-45C9-B2D5-C366D83B3566}.Debug|x64.Build.0 = Debug|Any CPU
		{8A432AEA-9500-45C9-B2D5-C366D83B3566}.Debug|x86.ActiveCfg = Debug|Any CPU
		{8A432AEA-9500-45C9-B2D5-C366D83B3566}.Debug|x86.Build.0 = Debug|Any CPU
		{8A432AEA-9500-45C9-B2D5-C366D83B3566}.Release|Any CPU.ActiveCfg = Release|Any CPU
		{8A432AEA-9500-45C9-B2D5-C366D83B3566}.Release|Any CPU.Build.0 = Release|Any CPU
		{8A432AEA-9500-45C9-B2D5-C366D83B3566}.Release|x64.ActiveCfg = Release|Any CPU
		{8A432AEA-9500-45C9-B2D5-C366D83B3566}.Release|x64.Build.0 = Release|Any CPU
		{8A432AEA-9500-45C9-B2D5-C366D83B3566}.Release|x86.ActiveCfg = Release|Any CPU
		{8A432AEA-9500-45C9-B2D5-C366D83B3566}.Release|x86.Build.0 = Release|Any CPU
		{B81045F7-5235-4A78-AD96-8FBAD27FC93A}.Debug|Any CPU.ActiveCfg = Debug|Any CPU
		{B81045F7-5235-4A78-AD96-8FBAD27FC93A}.Debug|Any CPU.Build.0 = Debug|Any CPU
		{B81045F7-5235-4A78-AD96-8FBAD27FC93A}.Debug|x64.ActiveCfg = Debug|Any CPU
		{B81045F7-5235-4A78-AD96-8FBAD27FC93A}.Debug|x64.Build.0 = Debug|Any CPU
		{B81045F7-5235-4A78-AD96-8FBAD27FC93A}.Debug|x86.ActiveCfg = Debug|Any CPU
		{B81045F7-5235-4A78-AD96-8FBAD27FC93A}.Debug|x86.Build.0 = Debug|Any CPU
		{B81045F7-5235-4A78-AD96-8FBAD27FC93A}.Release|Any CPU.ActiveCfg = Release|Any CPU
		{B81045F7-5235-4A78-AD96-8FBAD27FC93A}.Release|Any CPU.Build.0 = Release|Any CPU
		{B81045F7-5235-4A78-AD96-8FBAD27FC93A}.Release|x64.ActiveCfg = Release|Any CPU
		{B81045F7-5235-4A78-AD96-8FBAD27FC93A}.Release|x64.Build.0 = Release|Any CPU
		{B81045F7-5235-4A78-AD96-8FBAD27FC93A}.Release|x86.ActiveCfg = Release|Any CPU
		{B81045F7-5235-4A78-AD96-8FBAD27FC93A}.Release|x86.Build.0 = Release|Any CPU
	EndGlobalSection
	GlobalSection(SolutionProperties) = preSolution
		HideSolutionNode = FALSE
	EndGlobalSection
	GlobalSection(ExtensibilityGlobals) = postSolution
		SolutionGuid = {BA0D3BF4-4321-4082-B4E9-FE513702FDA8}
	EndGlobalSection
EndGlobal
